lockfileVersion: '9.0'

settings:
  autoInstallPeers: true
  excludeLinksFromLockfile: false

importers:

  .:
    devDependencies:
      '@types/node':
        specifier: ^25.5.2
        version: 25.5.2
      prettier:
        specifier: ^3.8.1
        version: 3.8.1
      prettier-plugin-prisma:
        specifier: ^5.0.0
        version: 5.0.0(prettier@3.8.1)
      typescript:
        specifier: ^6.0.2
        version: 6.0.2

packages:

  '@prisma/prisma-schema-wasm@4.17.0-26.6b0aef69b7cdfc787f822ecd7cdc76d5f1991584':
    resolution: {integrity: sha512-JFdsnSgBPN8reDTLOI9Vh/6ccCb2aD1LbY/LWQnkcIgNo6IdpzvuM+qRVbBuA6IZP2SdqQI8Lu6RL2P8EFBQUA==}

  '@types/node@25.5.2':
    resolution: {integrity: sha512-tO4ZIRKNC+MDWV4qKVZe3Ql/woTnmHDr5JD8UI5hn2pwBrHEwOEMZK7WlNb5RKB6EoJ02gwmQS9OrjuFnZYdpg==}

  prettier-plugin-prisma@5.0.0:
    resolution: {integrity: sha512-jTJV04D9+yF7ziOOMs7CJe4ijgAH7DEGjt0SAWAToGNRy1H6BEhvcKA2UQH6gC6KVW5zeeOSAvsoiDDTt9oKXg==}
    engines: {node: '>=14', npm: '>=8'}
    peerDependencies:
      prettier: '>=2 || >=3'

  prettier@3.8.1:
    resolution: {integrity: sha512-UOnG6LftzbdaHZcKoPFtOcCKztrQ57WkHDeRD9t/PTQtmT0NHSeWWepj6pS0z/N7+08BHFDQVUrfmfMRcZwbMg==}
    engines: {node: '>=14'}
    hasBin: true

  typescript@6.0.2:
    resolution: {integrity: sha512-bGdAIrZ0wiGDo5l8c++HWtbaNCWTS4UTv7RaTH/ThVIgjkveJt83m74bBHMJkuCbslY8ixgLBVZJIOiQlQTjfQ==}
    engines: {node: '>=14.17'}
    hasBin: true

  undici-types@7.18.2:
    resolution: {integrity: sha512-AsuCzffGHJybSaRrmr5eHr81mwJU3kjw6M+uprWvCXiNeN9SOGwQ3Jn8jb8m3Z6izVgknn1R0FTCEAP2QrLY/w==}

snapshots:

  '@prisma/prisma-schema-wasm@4.17.0-26.6b0aef69b7cdfc787f822ecd7cdc76d5f1991584': {}

  '@types/node@25.5.2':
    dependencies:
      undici-types: 7.18.2

  prettier-plugin-prisma@5.0.0(prettier@3.8.1):
    dependencies:
      '@prisma/prisma-schema-wasm': 4.17.0-26.6b0aef69b7cdfc787f822ecd7cdc76d5f1991584
      prettier: 3.8.1

  prettier@3.8.1: {}

  typescript@6.0.2: {}

  undici-types@7.18.2: {}
